// !$*UTF8*$!
{
	archiveVersion = 1;
	classes = {
	};
	objectVersion = 46;
	objects = {

/* Begin PBXBuildFile section */
		23110BA6175B1B14005D1911 /* loopSubdivMesh.cpp in Sources */ = {isa = PBXBuildFile; fileRef = 23110BA4175B1B14005D1911 /* loopSubdivMesh.cpp */; };
		2312E0CF1761C78A008954D8 /* metalMaterial.cpp in Sources */ = {isa = PBXBuildFile; fileRef = 2312E0CD1761C78A008954D8 /* metalMaterial.cpp */; };
		235A8FA21759CF6F00372E43 /* constant.cpp in Sources */ = {isa = PBXBuildFile; fileRef = 235A8F7C1759CF6F00372E43 /* constant.cpp */; };
		235A8FA31759CF6F00372E43 /* cookTorrance.cpp in Sources */ = {isa = PBXBuildFile; fileRef = 235A8F7E1759CF6F00372E43 /* cookTorrance.cpp */; };
		235A8FA41759CF6F00372E43 /* lambert.cpp in Sources */ = {isa = PBXBuildFile; fileRef = 235A8F801759CF6F00372E43 /* lambert.cpp */; };
		235A8FA51759CF6F00372E43 /* specMirror.cpp in Sources */ = {isa = PBXBuildFile; fileRef = 235A8F821759CF6F00372E43 /* specMirror.cpp */; };
		235A8FA61759CF6F00372E43 /* specTransmit.cpp in Sources */ = {isa = PBXBuildFile; fileRef = 235A8F841759CF6F00372E43 /* specTransmit.cpp */; };
		235A8FA71759CF6F00372E43 /* carMaterial.cpp in Sources */ = {isa = PBXBuildFile; fileRef = 235A8F881759CF6F00372E43 /* carMaterial.cpp */; };
		235A8FA81759CF6F00372E43 /* constantMaterial.cpp in Sources */ = {isa = PBXBuildFile; fileRef = 235A8F8A1759CF6F00372E43 /* constantMaterial.cpp */; };
		235A8FA91759CF6F00372E43 /* glassMaterial.cpp in Sources */ = {isa = PBXBuildFile; fileRef = 235A8F8C1759CF6F00372E43 /* glassMaterial.cpp */; };
		235A8FAA1759CF6F00372E43 /* kelemenMaterial.cpp in Sources */ = {isa = PBXBuildFile; fileRef = 235A8F8E1759CF6F00372E43 /* kelemenMaterial.cpp */; };
		235A8FAB1759CF6F00372E43 /* matteMaterial.cpp in Sources */ = {isa = PBXBuildFile; fileRef = 235A8F911759CF6F00372E43 /* matteMaterial.cpp */; };
		235A8FAC1759CF6F00372E43 /* transmitMaterial.cpp in Sources */ = {isa = PBXBuildFile; fileRef = 235A8F931759CF6F00372E43 /* transmitMaterial.cpp */; };
		235A8FAD1759CF6F00372E43 /* shaderAttribute.cpp in Sources */ = {isa = PBXBuildFile; fileRef = 235A8F961759CF6F00372E43 /* shaderAttribute.cpp */; };
		235A8FAF1759CF6F00372E43 /* noise3D.cpp in Sources */ = {isa = PBXBuildFile; fileRef = 235A8F9C1759CF6F00372E43 /* noise3D.cpp */; };
		235A8FB01759CF6F00372E43 /* shadingEngine.cpp in Sources */ = {isa = PBXBuildFile; fileRef = 235A8FA01759CF6F00372E43 /* shadingEngine.cpp */; };
		235A8FB41759D0BE00372E43 /* texture2D.cpp in Sources */ = {isa = PBXBuildFile; fileRef = 235A8FB21759D0BE00372E43 /* texture2D.cpp */; };
		2386EC4817BC108A0013F27A /* libz.dylib in Frameworks */ = {isa = PBXBuildFile; fileRef = 2386EC4717BC108A0013F27A /* libz.dylib */; };
		2386EC5017BC21250013F27A /* Cocoa.framework in Frameworks */ = {isa = PBXBuildFile; fileRef = 2386EC4F17BC21250013F27A /* Cocoa.framework */; };
		2386EC5A17BC21260013F27A /* InfoPlist.strings in Resources */ = {isa = PBXBuildFile; fileRef = 2386EC5817BC21260013F27A /* InfoPlist.strings */; };
		2386EC5C17BC21260013F27A /* main.m in Sources */ = {isa = PBXBuildFile; fileRef = 2386EC5B17BC21260013F27A /* main.m */; };
		2386EC6017BC21260013F27A /* Credits.rtf in Resources */ = {isa = PBXBuildFile; fileRef = 2386EC5E17BC21260013F27A /* Credits.rtf */; };
		2386EC6317BC21260013F27A /* AppDelegate.m in Sources */ = {isa = PBXBuildFile; fileRef = 2386EC6217BC21260013F27A /* AppDelegate.m */; };
		2386EC6617BC21260013F27A /* MainMenu.xib in Resources */ = {isa = PBXBuildFile; fileRef = 2386EC6417BC21260013F27A /* MainMenu.xib */; };
		2389C24517549C93004F1F7F /* main.cpp in Sources */ = {isa = PBXBuildFile; fileRef = 2389C19117549C93004F1F7F /* main.cpp */; };
		2389C24617549C93004F1F7F /* bbox.cpp in Sources */ = {isa = PBXBuildFile; fileRef = 2389C19917549C93004F1F7F /* bbox.cpp */; };
		2389C24717549C93004F1F7F /* color.cpp in Sources */ = {isa = PBXBuildFile; fileRef = 2389C19B17549C93004F1F7F /* color.cpp */; };
		2389C24817549C93004F1F7F /* matrix4x4.cpp in Sources */ = {isa = PBXBuildFile; fileRef = 2389C1A017549C93004F1F7F /* matrix4x4.cpp */; };
		2389C24917549C93004F1F7F /* pixelRegion.cpp in Sources */ = {isa = PBXBuildFile; fileRef = 2389C1A317549C93004F1F7F /* pixelRegion.cpp */; };
		2389C24A17549C93004F1F7F /* point.cpp in Sources */ = {isa = PBXBuildFile; fileRef = 2389C1A517549C93004F1F7F /* point.cpp */; };
		2389C24B17549C93004F1F7F /* ray.cpp in Sources */ = {isa = PBXBuildFile; fileRef = 2389C1A717549C93004F1F7F /* ray.cpp */; };
		2389C24C17549C93004F1F7F /* sample2D.cpp in Sources */ = {isa = PBXBuildFile; fileRef = 2389C1AB17549C93004F1F7F /* sample2D.cpp */; };
		2389C24D17549C93004F1F7F /* sample3D.cpp in Sources */ = {isa = PBXBuildFile; fileRef = 2389C1AD17549C93004F1F7F /* sample3D.cpp */; };
		2389C24E17549C93004F1F7F /* sampler2D.cpp in Sources */ = {isa = PBXBuildFile; fileRef = 2389C1AF17549C93004F1F7F /* sampler2D.cpp */; };
		2389C24F17549C93004F1F7F /* sampler3D.cpp in Sources */ = {isa = PBXBuildFile; fileRef = 2389C1B117549C93004F1F7F /* sampler3D.cpp */; };
		2389C25017549C93004F1F7F /* transform.cpp in Sources */ = {isa = PBXBuildFile; fileRef = 2389C1B417549C93004F1F7F /* transform.cpp */; };
		2389C25117549C93004F1F7F /* vector.cpp in Sources */ = {isa = PBXBuildFile; fileRef = 2389C1B717549C93004F1F7F /* vector.cpp */; };
		2389C25217549C93004F1F7F /* auroraObject.cpp in Sources */ = {isa = PBXBuildFile; fileRef = 2389C1BA17549C93004F1F7F /* auroraObject.cpp */; };
		2389C25317549C93004F1F7F /* camera.cpp in Sources */ = {isa = PBXBuildFile; fileRef = 2389C1BC17549C93004F1F7F /* camera.cpp */; };
		2389C25517549C93004F1F7F /* openexrDisplay.cpp in Sources */ = {isa = PBXBuildFile; fileRef = 2389C1C117549C93004F1F7F /* openexrDisplay.cpp */; };
		2389C25717549C93004F1F7F /* renderer.cpp in Sources */ = {isa = PBXBuildFile; fileRef = 2389C1C517549C93004F1F7F /* renderer.cpp */; };
		2389C25917549C93004F1F7F /* embreeAccelerator.cpp in Sources */ = {isa = PBXBuildFile; fileRef = 2389C1CB17549C93004F1F7F /* embreeAccelerator.cpp */; };
		2389C25A17549C93004F1F7F /* infiniteAreaLight.cpp in Sources */ = {isa = PBXBuildFile; fileRef = 2389C1CF17549C93004F1F7F /* infiniteAreaLight.cpp */; };
		2389C25C17549C93004F1F7F /* objParser.cpp in Sources */ = {isa = PBXBuildFile; fileRef = 2389C1D317549C93004F1F7F /* objParser.cpp */; };
		2389C25D17549C93004F1F7F /* objTriangleMesh.cpp in Sources */ = {isa = PBXBuildFile; fileRef = 2389C1D517549C93004F1F7F /* objTriangleMesh.cpp */; };
		2389C25E17549C93004F1F7F /* renderableTriangle.cpp in Sources */ = {isa = PBXBuildFile; fileRef = 2389C1D817549C93004F1F7F /* renderableTriangle.cpp */; };
		2389C25F17549C93004F1F7F /* triangleGeo.cpp in Sources */ = {isa = PBXBuildFile; fileRef = 2389C1DC17549C93004F1F7F /* triangleGeo.cpp */; };
		2389C26017549C93004F1F7F /* triangleMesh.cpp in Sources */ = {isa = PBXBuildFile; fileRef = 2389C1DE17549C93004F1F7F /* triangleMesh.cpp */; };
		2389C26217549C93004F1F7F /* light.cpp in Sources */ = {isa = PBXBuildFile; fileRef = 2389C1E417549C93004F1F7F /* light.cpp */; };
		2389C26317549C93004F1F7F /* squareLight.cpp in Sources */ = {isa = PBXBuildFile; fileRef = 2389C1E717549C93004F1F7F /* squareLight.cpp */; };
		2389C27517549C93004F1F7F /* jsonParser.cpp in Sources */ = {isa = PBXBuildFile; fileRef = 2389C21717549C93004F1F7F /* jsonParser.cpp */; };
		23B5885117A1AFD6000EFAA0 /* material.cpp in Sources */ = {isa = PBXBuildFile; fileRef = 23B5885017A1AFD6000EFAA0 /* material.cpp */; };
		23E7C15617BC2BCA006874AB /* RenderViewController.m in Sources */ = {isa = PBXBuildFile; fileRef = 23E7C15517BC2BCA006874AB /* RenderViewController.m */; };
/* End PBXBuildFile section */

/* Begin PBXCopyFilesBuildPhase section */
		2389C0E417549C5D004F1F7F /* CopyFiles */ = {
			isa = PBXCopyFilesBuildPhase;
			buildActionMask = 8;
			dstPath = /usr/share/man/man1/;
			dstSubfolderSpec = 0;
			files = (
			);
			runOnlyForDeploymentPostprocessing = 1;
		};
/* End PBXCopyFilesBuildPhase section */

/* Begin PBXFileReference section */
		23110BA4175B1B14005D1911 /* loopSubdivMesh.cpp */ = {isa = PBXFileReference; fileEncoding = 4; lastKnownFileType = sourcecode.cpp.cpp; path = loopSubdivMesh.cpp; sourceTree = "<group>"; };
		23110BA5175B1B14005D1911 /* loopSubdivMesh.h */ = {isa = PBXFileReference; fileEncoding = 4; lastKnownFileType = sourcecode.c.h; path = loopSubdivMesh.h; sourceTree = "<group>"; };
		2312E0CD1761C78A008954D8 /* metalMaterial.cpp */ = {isa = PBXFileReference; fileEncoding = 4; lastKnownFileType = sourcecode.cpp.cpp; path = metalMaterial.cpp; sourceTree = "<group>"; };
		2312E0CE1761C78A008954D8 /* metalMaterial.h */ = {isa = PBXFileReference; fileEncoding = 4; lastKnownFileType = sourcecode.c.h; path = metalMaterial.h; sourceTree = "<group>"; };
		235A8F791759CF6F00372E43 /* brdf.h */ = {isa = PBXFileReference; fileEncoding = 4; lastKnownFileType = sourcecode.c.h; path = brdf.h; sourceTree = "<group>"; };
		235A8F7B1759CF6F00372E43 /* brdfs.h */ = {isa = PBXFileReference; fileEncoding = 4; lastKnownFileType = sourcecode.c.h; path = brdfs.h; sourceTree = "<group>"; };
		235A8F7C1759CF6F00372E43 /* constant.cpp */ = {isa = PBXFileReference; fileEncoding = 4; lastKnownFileType = sourcecode.cpp.cpp; path = constant.cpp; sourceTree = "<group>"; };
		235A8F7D1759CF6F00372E43 /* constant.h */ = {isa = PBXFileReference; fileEncoding = 4; lastKnownFileType = sourcecode.c.h; path = constant.h; sourceTree = "<group>"; };
		235A8F7E1759CF6F00372E43 /* cookTorrance.cpp */ = {isa = PBXFileReference; fileEncoding = 4; lastKnownFileType = sourcecode.cpp.cpp; path = cookTorrance.cpp; sourceTree = "<group>"; };
		235A8F7F1759CF6F00372E43 /* cookTorrance.h */ = {isa = PBXFileReference; fileEncoding = 4; lastKnownFileType = sourcecode.c.h; path = cookTorrance.h; sourceTree = "<group>"; };
		235A8F801759CF6F00372E43 /* lambert.cpp */ = {isa = PBXFileReference; fileEncoding = 4; lastKnownFileType = sourcecode.cpp.cpp; path = lambert.cpp; sourceTree = "<group>"; };
		235A8F811759CF6F00372E43 /* lambert.h */ = {isa = PBXFileReference; fileEncoding = 4; lastKnownFileType = sourcecode.c.h; path = lambert.h; sourceTree = "<group>"; };
		235A8F821759CF6F00372E43 /* specMirror.cpp */ = {isa = PBXFileReference; fileEncoding = 4; lastKnownFileType = sourcecode.cpp.cpp; path = specMirror.cpp; sourceTree = "<group>"; };
		235A8F831759CF6F00372E43 /* specMirror.h */ = {isa = PBXFileReference; fileEncoding = 4; lastKnownFileType = sourcecode.c.h; path = specMirror.h; sourceTree = "<group>"; };
		235A8F841759CF6F00372E43 /* specTransmit.cpp */ = {isa = PBXFileReference; fileEncoding = 4; lastKnownFileType = sourcecode.cpp.cpp; path = specTransmit.cpp; sourceTree = "<group>"; };
		235A8F851759CF6F00372E43 /* specTransmit.h */ = {isa = PBXFileReference; fileEncoding = 4; lastKnownFileType = sourcecode.c.h; path = specTransmit.h; sourceTree = "<group>"; };
		235A8F861759CF6F00372E43 /* material.h */ = {isa = PBXFileReference; fileEncoding = 4; lastKnownFileType = sourcecode.c.h; path = material.h; sourceTree = "<group>"; };
		235A8F881759CF6F00372E43 /* carMaterial.cpp */ = {isa = PBXFileReference; fileEncoding = 4; lastKnownFileType = sourcecode.cpp.cpp; path = carMaterial.cpp; sourceTree = "<group>"; };
		235A8F891759CF6F00372E43 /* carMaterial.h */ = {isa = PBXFileReference; fileEncoding = 4; lastKnownFileType = sourcecode.c.h; path = carMaterial.h; sourceTree = "<group>"; };
		235A8F8A1759CF6F00372E43 /* constantMaterial.cpp */ = {isa = PBXFileReference; fileEncoding = 4; lastKnownFileType = sourcecode.cpp.cpp; path = constantMaterial.cpp; sourceTree = "<group>"; };
		235A8F8B1759CF6F00372E43 /* constantMaterial.h */ = {isa = PBXFileReference; fileEncoding = 4; lastKnownFileType = sourcecode.c.h; path = constantMaterial.h; sourceTree = "<group>"; };
		235A8F8C1759CF6F00372E43 /* glassMaterial.cpp */ = {isa = PBXFileReference; fileEncoding = 4; lastKnownFileType = sourcecode.cpp.cpp; path = glassMaterial.cpp; sourceTree = "<group>"; };
		235A8F8D1759CF6F00372E43 /* glassMaterial.h */ = {isa = PBXFileReference; fileEncoding = 4; lastKnownFileType = sourcecode.c.h; path = glassMaterial.h; sourceTree = "<group>"; };
		235A8F8E1759CF6F00372E43 /* kelemenMaterial.cpp */ = {isa = PBXFileReference; fileEncoding = 4; lastKnownFileType = sourcecode.cpp.cpp; path = kelemenMaterial.cpp; sourceTree = "<group>"; };
		235A8F8F1759CF6F00372E43 /* kelemenMaterial.h */ = {isa = PBXFileReference; fileEncoding = 4; lastKnownFileType = sourcecode.c.h; path = kelemenMaterial.h; sourceTree = "<group>"; };
		235A8F901759CF6F00372E43 /* materials.h */ = {isa = PBXFileReference; fileEncoding = 4; lastKnownFileType = sourcecode.c.h; path = materials.h; sourceTree = "<group>"; };
		235A8F911759CF6F00372E43 /* matteMaterial.cpp */ = {isa = PBXFileReference; fileEncoding = 4; lastKnownFileType = sourcecode.cpp.cpp; path = matteMaterial.cpp; sourceTree = "<group>"; };
		235A8F921759CF6F00372E43 /* matteMaterial.h */ = {isa = PBXFileReference; fileEncoding = 4; lastKnownFileType = sourcecode.c.h; path = matteMaterial.h; sourceTree = "<group>"; };
		235A8F931759CF6F00372E43 /* transmitMaterial.cpp */ = {isa = PBXFileReference; fileEncoding = 4; lastKnownFileType = sourcecode.cpp.cpp; path = transmitMaterial.cpp; sourceTree = "<group>"; };
		235A8F941759CF6F00372E43 /* transmitMaterial.h */ = {isa = PBXFileReference; fileEncoding = 4; lastKnownFileType = sourcecode.c.h; path = transmitMaterial.h; sourceTree = "<group>"; };
		235A8F951759CF6F00372E43 /* shader.h */ = {isa = PBXFileReference; fileEncoding = 4; lastKnownFileType = sourcecode.c.h; path = shader.h; sourceTree = "<group>"; };
		235A8F961759CF6F00372E43 /* shaderAttribute.cpp */ = {isa = PBXFileReference; fileEncoding = 4; lastKnownFileType = sourcecode.cpp.cpp; path = shaderAttribute.cpp; sourceTree = "<group>"; };
		235A8F971759CF6F00372E43 /* shaderAttribute.h */ = {isa = PBXFileReference; fileEncoding = 4; lastKnownFileType = sourcecode.c.h; path = shaderAttribute.h; sourceTree = "<group>"; };
		235A8F9B1759CF6F00372E43 /* constantShader.h */ = {isa = PBXFileReference; fileEncoding = 4; lastKnownFileType = sourcecode.c.h; path = constantShader.h; sourceTree = "<group>"; };
		235A8F9C1759CF6F00372E43 /* noise3D.cpp */ = {isa = PBXFileReference; fileEncoding = 4; lastKnownFileType = sourcecode.cpp.cpp; path = noise3D.cpp; sourceTree = "<group>"; };
		235A8F9D1759CF6F00372E43 /* noise3D.h */ = {isa = PBXFileReference; fileEncoding = 4; lastKnownFileType = sourcecode.c.h; path = noise3D.h; sourceTree = "<group>"; };
		235A8F9E1759CF6F00372E43 /* texture2DShader.h */ = {isa = PBXFileReference; fileEncoding = 4; lastKnownFileType = sourcecode.c.h; path = texture2DShader.h; sourceTree = "<group>"; };
		235A8F9F1759CF6F00372E43 /* shaders.h */ = {isa = PBXFileReference; fileEncoding = 4; lastKnownFileType = sourcecode.c.h; path = shaders.h; sourceTree = "<group>"; };
		235A8FA01759CF6F00372E43 /* shadingEngine.cpp */ = {isa = PBXFileReference; fileEncoding = 4; lastKnownFileType = sourcecode.cpp.cpp; path = shadingEngine.cpp; sourceTree = "<group>"; };
		235A8FA11759CF6F00372E43 /* shadingEngine.h */ = {isa = PBXFileReference; fileEncoding = 4; lastKnownFileType = sourcecode.c.h; path = shadingEngine.h; sourceTree = "<group>"; };
		235A8FB11759D01700372E43 /* constants.h */ = {isa = PBXFileReference; fileEncoding = 4; lastKnownFileType = sourcecode.c.h; path = constants.h; sourceTree = "<group>"; };
		235A8FB21759D0BE00372E43 /* texture2D.cpp */ = {isa = PBXFileReference; fileEncoding = 4; lastKnownFileType = sourcecode.cpp.cpp; path = texture2D.cpp; sourceTree = "<group>"; };
		235A8FB31759D0BE00372E43 /* texture2D.h */ = {isa = PBXFileReference; fileEncoding = 4; lastKnownFileType = sourcecode.c.h; path = texture2D.h; sourceTree = "<group>"; };
		236D6811175F18D300802617 /* accelerationStructure.h */ = {isa = PBXFileReference; fileEncoding = 4; lastKnownFileType = sourcecode.c.h; path = accelerationStructure.h; sourceTree = "<group>"; };
		2386EC4717BC108A0013F27A /* libz.dylib */ = {isa = PBXFileReference; lastKnownFileType = "compiled.mach-o.dylib"; name = libz.dylib; path = usr/lib/libz.dylib; sourceTree = SDKROOT; };
		2386EC4D17BC21250013F27A /* AuroraUI.app */ = {isa = PBXFileReference; explicitFileType = wrapper.application; includeInIndex = 0; path = AuroraUI.app; sourceTree = BUILT_PRODUCTS_DIR; };
		2386EC4F17BC21250013F27A /* Cocoa.framework */ = {isa = PBXFileReference; lastKnownFileType = wrapper.framework; name = Cocoa.framework; path = System/Library/Frameworks/Cocoa.framework; sourceTree = SDKROOT; };
		2386EC5217BC21250013F27A /* AppKit.framework */ = {isa = PBXFileReference; lastKnownFileType = wrapper.framework; name = AppKit.framework; path = System/Library/Frameworks/AppKit.framework; sourceTree = SDKROOT; };
		2386EC5317BC21250013F27A /* CoreData.framework */ = {isa = PBXFileReference; lastKnownFileType = wrapper.framework; name = CoreData.framework; path = System/Library/Frameworks/CoreData.framework; sourceTree = SDKROOT; };
		2386EC5417BC21250013F27A /* Foundation.framework */ = {isa = PBXFileReference; lastKnownFileType = wrapper.framework; name = Foundation.framework; path = System/Library/Frameworks/Foundation.framework; sourceTree = SDKROOT; };
		2386EC5717BC21260013F27A /* AuroraUI-Info.plist */ = {isa = PBXFileReference; lastKnownFileType = text.plist.xml; path = "AuroraUI-Info.plist"; sourceTree = "<group>"; };
		2386EC5917BC21260013F27A /* en */ = {isa = PBXFileReference; lastKnownFileType = text.plist.strings; name = en; path = en.lproj/InfoPlist.strings; sourceTree = "<group>"; };
		2386EC5B17BC21260013F27A /* main.m */ = {isa = PBXFileReference; lastKnownFileType = sourcecode.c.objc; path = main.m; sourceTree = "<group>"; };
		2386EC5D17BC21260013F27A /* AuroraUI-Prefix.pch */ = {isa = PBXFileReference; lastKnownFileType = sourcecode.c.h; path = "AuroraUI-Prefix.pch"; sourceTree = "<group>"; };
		2386EC5F17BC21260013F27A /* en */ = {isa = PBXFileReference; lastKnownFileType = text.rtf; name = en; path = en.lproj/Credits.rtf; sourceTree = "<group>"; };
		2386EC6117BC21260013F27A /* AppDelegate.h */ = {isa = PBXFileReference; lastKnownFileType = sourcecode.c.h; path = AppDelegate.h; sourceTree = "<group>"; };
		2386EC6217BC21260013F27A /* AppDelegate.m */ = {isa = PBXFileReference; lastKnownFileType = sourcecode.c.objc; path = AppDelegate.m; sourceTree = "<group>"; };
		2386EC6517BC21260013F27A /* en */ = {isa = PBXFileReference; lastKnownFileType = file.xib; name = en; path = en.lproj/MainMenu.xib; sourceTree = "<group>"; };
		2389C0E617549C5D004F1F7F /* Aurora */ = {isa = PBXFileReference; explicitFileType = "compiled.mach-o.executable"; includeInIndex = 0; path = Aurora; sourceTree = BUILT_PRODUCTS_DIR; };
		2389C0F317549C93004F1F7F /* Aurora.1 */ = {isa = PBXFileReference; fileEncoding = 4; lastKnownFileType = text.man; path = Aurora.1; sourceTree = "<group>"; };
		2389C0F417549C93004F1F7F /* config.json */ = {isa = PBXFileReference; fileEncoding = 4; lastKnownFileType = text.json; path = config.json; sourceTree = "<group>"; };
		2389C0F717549C93004F1F7F /* catch.hpp */ = {isa = PBXFileReference; fileEncoding = 4; lastKnownFileType = sourcecode.cpp.h; path = catch.hpp; sourceTree = "<group>"; };
		2389C19117549C93004F1F7F /* main.cpp */ = {isa = PBXFileReference; fileEncoding = 4; lastKnownFileType = sourcecode.cpp.cpp; path = main.cpp; sourceTree = "<group>"; };
		2389C19417549C93004F1F7F /* attributeState.h */ = {isa = PBXFileReference; fileEncoding = 4; lastKnownFileType = sourcecode.c.h; path = attributeState.h; sourceTree = "<group>"; };
		2389C19517549C93004F1F7F /* intersection.h */ = {isa = PBXFileReference; fileEncoding = 4; lastKnownFileType = sourcecode.c.h; path = intersection.h; sourceTree = "<group>"; };
		2389C19617549C93004F1F7F /* options.h */ = {isa = PBXFileReference; fileEncoding = 4; lastKnownFileType = sourcecode.c.h; path = options.h; sourceTree = "<group>"; };
		2389C19717549C93004F1F7F /* shadingGeometry.h */ = {isa = PBXFileReference; fileEncoding = 4; lastKnownFileType = sourcecode.c.h; path = shadingGeometry.h; sourceTree = "<group>"; };
		2389C19917549C93004F1F7F /* bbox.cpp */ = {isa = PBXFileReference; fileEncoding = 4; lastKnownFileType = sourcecode.cpp.cpp; path = bbox.cpp; sourceTree = "<group>"; };
		2389C19A17549C93004F1F7F /* bbox.h */ = {isa = PBXFileReference; fileEncoding = 4; lastKnownFileType = sourcecode.c.h; path = bbox.h; sourceTree = "<group>"; };
		2389C19B17549C93004F1F7F /* color.cpp */ = {isa = PBXFileReference; fileEncoding = 4; lastKnownFileType = sourcecode.cpp.cpp; path = color.cpp; sourceTree = "<group>"; };
		2389C19C17549C93004F1F7F /* color.h */ = {isa = PBXFileReference; fileEncoding = 4; lastKnownFileType = sourcecode.c.h; path = color.h; sourceTree = "<group>"; };
		2389C19D17549C93004F1F7F /* core.h */ = {isa = PBXFileReference; fileEncoding = 4; lastKnownFileType = sourcecode.c.h; path = core.h; sourceTree = "<group>"; };
		2389C19E17549C93004F1F7F /* log.h */ = {isa = PBXFileReference; fileEncoding = 4; lastKnownFileType = sourcecode.c.h; path = log.h; sourceTree = "<group>"; };
		2389C19F17549C93004F1F7F /* math_utils.h */ = {isa = PBXFileReference; fileEncoding = 4; lastKnownFileType = sourcecode.c.h; path = math_utils.h; sourceTree = "<group>"; };
		2389C1A017549C93004F1F7F /* matrix4x4.cpp */ = {isa = PBXFileReference; fileEncoding = 4; lastKnownFileType = sourcecode.cpp.cpp; path = matrix4x4.cpp; sourceTree = "<group>"; };
		2389C1A117549C93004F1F7F /* matrix4x4.h */ = {isa = PBXFileReference; fileEncoding = 4; lastKnownFileType = sourcecode.c.h; path = matrix4x4.h; sourceTree = "<group>"; };
		2389C1A317549C93004F1F7F /* pixelRegion.cpp */ = {isa = PBXFileReference; fileEncoding = 4; lastKnownFileType = sourcecode.cpp.cpp; path = pixelRegion.cpp; sourceTree = "<group>"; };
		2389C1A417549C93004F1F7F /* pixelRegion.h */ = {isa = PBXFileReference; fileEncoding = 4; lastKnownFileType = sourcecode.c.h; path = pixelRegion.h; sourceTree = "<group>"; };
		2389C1A517549C93004F1F7F /* point.cpp */ = {isa = PBXFileReference; fileEncoding = 4; lastKnownFileType = sourcecode.cpp.cpp; path = point.cpp; sourceTree = "<group>"; };
		2389C1A617549C93004F1F7F /* point.h */ = {isa = PBXFileReference; fileEncoding = 4; lastKnownFileType = sourcecode.c.h; path = point.h; sourceTree = "<group>"; };
		2389C1A717549C93004F1F7F /* ray.cpp */ = {isa = PBXFileReference; fileEncoding = 4; lastKnownFileType = sourcecode.cpp.cpp; path = ray.cpp; sourceTree = "<group>"; };
		2389C1A817549C93004F1F7F /* ray.h */ = {isa = PBXFileReference; fileEncoding = 4; lastKnownFileType = sourcecode.c.h; path = ray.h; sourceTree = "<group>"; };
		2389C1AB17549C93004F1F7F /* sample2D.cpp */ = {isa = PBXFileReference; fileEncoding = 4; lastKnownFileType = sourcecode.cpp.cpp; path = sample2D.cpp; sourceTree = "<group>"; };
		2389C1AC17549C93004F1F7F /* sample2D.h */ = {isa = PBXFileReference; fileEncoding = 4; lastKnownFileType = sourcecode.c.h; path = sample2D.h; sourceTree = "<group>"; };
		2389C1AD17549C93004F1F7F /* sample3D.cpp */ = {isa = PBXFileReference; fileEncoding = 4; lastKnownFileType = sourcecode.cpp.cpp; path = sample3D.cpp; sourceTree = "<group>"; };
		2389C1AE17549C93004F1F7F /* sample3D.h */ = {isa = PBXFileReference; fileEncoding = 4; lastKnownFileType = sourcecode.c.h; path = sample3D.h; sourceTree = "<group>"; };
		2389C1AF17549C93004F1F7F /* sampler2D.cpp */ = {isa = PBXFileReference; fileEncoding = 4; lastKnownFileType = sourcecode.cpp.cpp; path = sampler2D.cpp; sourceTree = "<group>"; };
		2389C1B017549C93004F1F7F /* sampler2D.h */ = {isa = PBXFileReference; fileEncoding = 4; lastKnownFileType = sourcecode.c.h; path = sampler2D.h; sourceTree = "<group>"; };
		2389C1B117549C93004F1F7F /* sampler3D.cpp */ = {isa = PBXFileReference; fileEncoding = 4; lastKnownFileType = sourcecode.cpp.cpp; path = sampler3D.cpp; sourceTree = "<group>"; };
		2389C1B217549C93004F1F7F /* sampler3D.h */ = {isa = PBXFileReference; fileEncoding = 4; lastKnownFileType = sourcecode.c.h; path = sampler3D.h; sourceTree = "<group>"; };
		2389C1B317549C93004F1F7F /* stringUtils.h */ = {isa = PBXFileReference; fileEncoding = 4; lastKnownFileType = sourcecode.c.h; path = stringUtils.h; sourceTree = "<group>"; };
		2389C1B417549C93004F1F7F /* transform.cpp */ = {isa = PBXFileReference; fileEncoding = 4; lastKnownFileType = sourcecode.cpp.cpp; path = transform.cpp; sourceTree = "<group>"; };
		2389C1B517549C93004F1F7F /* transform.h */ = {isa = PBXFileReference; fileEncoding = 4; lastKnownFileType = sourcecode.c.h; path = transform.h; sourceTree = "<group>"; };
		2389C1B617549C93004F1F7F /* uv.h */ = {isa = PBXFileReference; fileEncoding = 4; lastKnownFileType = sourcecode.c.h; path = uv.h; sourceTree = "<group>"; };
		2389C1B717549C93004F1F7F /* vector.cpp */ = {isa = PBXFileReference; fileEncoding = 4; lastKnownFileType = sourcecode.cpp.cpp; path = vector.cpp; sourceTree = "<group>"; };
		2389C1B817549C93004F1F7F /* vector.h */ = {isa = PBXFileReference; fileEncoding = 4; lastKnownFileType = sourcecode.c.h; path = vector.h; sourceTree = "<group>"; };
		2389C1BA17549C93004F1F7F /* auroraObject.cpp */ = {isa = PBXFileReference; fileEncoding = 4; lastKnownFileType = sourcecode.cpp.cpp; path = auroraObject.cpp; sourceTree = "<group>"; };
		2389C1BB17549C93004F1F7F /* auroraObject.h */ = {isa = PBXFileReference; fileEncoding = 4; lastKnownFileType = sourcecode.c.h; path = auroraObject.h; sourceTree = "<group>"; };
		2389C1BC17549C93004F1F7F /* camera.cpp */ = {isa = PBXFileReference; fileEncoding = 4; lastKnownFileType = sourcecode.cpp.cpp; path = camera.cpp; sourceTree = "<group>"; };
		2389C1BD17549C93004F1F7F /* camera.h */ = {isa = PBXFileReference; fileEncoding = 4; lastKnownFileType = sourcecode.c.h; path = camera.h; sourceTree = "<group>"; };
		2389C1C017549C93004F1F7F /* frontEndObject.h */ = {isa = PBXFileReference; fileEncoding = 4; lastKnownFileType = sourcecode.c.h; path = frontEndObject.h; sourceTree = "<group>"; };
		2389C1C117549C93004F1F7F /* openexrDisplay.cpp */ = {isa = PBXFileReference; fileEncoding = 4; lastKnownFileType = sourcecode.cpp.cpp; path = openexrDisplay.cpp; sourceTree = "<group>"; };
		2389C1C217549C93004F1F7F /* openexrDisplay.h */ = {isa = PBXFileReference; fileEncoding = 4; lastKnownFileType = sourcecode.c.h; path = openexrDisplay.h; sourceTree = "<group>"; };
		2389C1C417549C93004F1F7F /* renderEnvironment.h */ = {isa = PBXFileReference; fileEncoding = 4; lastKnownFileType = sourcecode.c.h; path = renderEnvironment.h; sourceTree = "<group>"; };
		2389C1C517549C93004F1F7F /* renderer.cpp */ = {isa = PBXFileReference; fileEncoding = 4; lastKnownFileType = sourcecode.cpp.cpp; path = renderer.cpp; sourceTree = "<group>"; };
		2389C1C617549C93004F1F7F /* renderer.h */ = {isa = PBXFileReference; fileEncoding = 4; lastKnownFileType = sourcecode.c.h; path = renderer.h; sourceTree = "<group>"; };
		2389C1CB17549C93004F1F7F /* embreeAccelerator.cpp */ = {isa = PBXFileReference; fileEncoding = 4; lastKnownFileType = sourcecode.cpp.cpp; path = embreeAccelerator.cpp; sourceTree = "<group>"; };
		2389C1CC17549C93004F1F7F /* embreeAccelerator.h */ = {isa = PBXFileReference; fileEncoding = 4; lastKnownFileType = sourcecode.c.h; path = embreeAccelerator.h; sourceTree = "<group>"; };
		2389C1CD17549C93004F1F7F /* embreeMesh.h */ = {isa = PBXFileReference; fileEncoding = 4; lastKnownFileType = sourcecode.c.h; path = embreeMesh.h; sourceTree = "<group>"; };
		2389C1CE17549C93004F1F7F /* geometry.h */ = {isa = PBXFileReference; fileEncoding = 4; lastKnownFileType = sourcecode.c.h; path = geometry.h; sourceTree = "<group>"; };
		2389C1CF17549C93004F1F7F /* infiniteAreaLight.cpp */ = {isa = PBXFileReference; fileEncoding = 4; lastKnownFileType = sourcecode.cpp.cpp; path = infiniteAreaLight.cpp; sourceTree = "<group>"; };
		2389C1D017549C93004F1F7F /* infiniteAreaLight.h */ = {isa = PBXFileReference; fileEncoding = 4; lastKnownFileType = sourcecode.c.h; path = infiniteAreaLight.h; sourceTree = "<group>"; };
		2389C1D317549C93004F1F7F /* objParser.cpp */ = {isa = PBXFileReference; fileEncoding = 4; lastKnownFileType = sourcecode.cpp.cpp; path = objParser.cpp; sourceTree = "<group>"; };
		2389C1D417549C93004F1F7F /* objParser.h */ = {isa = PBXFileReference; fileEncoding = 4; lastKnownFileType = sourcecode.c.h; path = objParser.h; sourceTree = "<group>"; };
		2389C1D517549C93004F1F7F /* objTriangleMesh.cpp */ = {isa = PBXFileReference; fileEncoding = 4; lastKnownFileType = sourcecode.cpp.cpp; path = objTriangleMesh.cpp; sourceTree = "<group>"; };
		2389C1D617549C93004F1F7F /* objTriangleMesh.h */ = {isa = PBXFileReference; fileEncoding = 4; lastKnownFileType = sourcecode.c.h; path = objTriangleMesh.h; sourceTree = "<group>"; };
		2389C1D717549C93004F1F7F /* renderableGeometry.h */ = {isa = PBXFileReference; fileEncoding = 4; lastKnownFileType = sourcecode.c.h; path = renderableGeometry.h; sourceTree = "<group>"; };
		2389C1D817549C93004F1F7F /* renderableTriangle.cpp */ = {isa = PBXFileReference; fileEncoding = 4; lastKnownFileType = sourcecode.cpp.cpp; path = renderableTriangle.cpp; sourceTree = "<group>"; };
		2389C1D917549C93004F1F7F /* renderableTriangle.h */ = {isa = PBXFileReference; fileEncoding = 4; lastKnownFileType = sourcecode.c.h; path = renderableTriangle.h; sourceTree = "<group>"; };
		2389C1DA17549C93004F1F7F /* shape.h */ = {isa = PBXFileReference; fileEncoding = 4; lastKnownFileType = sourcecode.c.h; path = shape.h; sourceTree = "<group>"; };
		2389C1DB17549C93004F1F7F /* shapes.h */ = {isa = PBXFileReference; fileEncoding = 4; lastKnownFileType = sourcecode.c.h; path = shapes.h; sourceTree = "<group>"; };
		2389C1DC17549C93004F1F7F /* triangleGeo.cpp */ = {isa = PBXFileReference; fileEncoding = 4; lastKnownFileType = sourcecode.cpp.cpp; path = triangleGeo.cpp; sourceTree = "<group>"; };
		2389C1DD17549C93004F1F7F /* TriangleGeo.h */ = {isa = PBXFileReference; fileEncoding = 4; lastKnownFileType = sourcecode.c.h; path = TriangleGeo.h; sourceTree = "<group>"; };
		2389C1DE17549C93004F1F7F /* triangleMesh.cpp */ = {isa = PBXFileReference; fileEncoding = 4; lastKnownFileType = sourcecode.cpp.cpp; path = triangleMesh.cpp; sourceTree = "<group>"; };
		2389C1DF17549C93004F1F7F /* triangleMesh.h */ = {isa = PBXFileReference; fileEncoding = 4; lastKnownFileType = sourcecode.c.h; path = triangleMesh.h; sourceTree = "<group>"; };
		2389C1E417549C93004F1F7F /* light.cpp */ = {isa = PBXFileReference; fileEncoding = 4; lastKnownFileType = sourcecode.cpp.cpp; path = light.cpp; sourceTree = "<group>"; };
		2389C1E517549C93004F1F7F /* light.h */ = {isa = PBXFileReference; fileEncoding = 4; lastKnownFileType = sourcecode.c.h; path = light.h; sourceTree = "<group>"; };
		2389C1E617549C93004F1F7F /* lights.h */ = {isa = PBXFileReference; fileEncoding = 4; lastKnownFileType = sourcecode.c.h; path = lights.h; sourceTree = "<group>"; };
		2389C1E717549C93004F1F7F /* squareLight.cpp */ = {isa = PBXFileReference; fileEncoding = 4; lastKnownFileType = sourcecode.cpp.cpp; path = squareLight.cpp; sourceTree = "<group>"; };
		2389C1E817549C93004F1F7F /* squareLight.h */ = {isa = PBXFileReference; fileEncoding = 4; lastKnownFileType = sourcecode.c.h; path = squareLight.h; sourceTree = "<group>"; };
		2389C21717549C93004F1F7F /* jsonParser.cpp */ = {isa = PBXFileReference; fileEncoding = 4; lastKnownFileType = sourcecode.cpp.cpp; path = jsonParser.cpp; sourceTree = "<group>"; };
		2389C21817549C93004F1F7F /* jsonParser.h */ = {isa = PBXFileReference; fileEncoding = 4; lastKnownFileType = sourcecode.c.h; path = jsonParser.h; sourceTree = "<group>"; };
		2389C21D17549C93004F1F7F /* core.py */ = {isa = PBXFileReference; fileEncoding = 4; lastKnownFileType = text.script.python; path = core.py; sourceTree = "<group>"; };
		2389C21F17549C93004F1F7F /* example.py */ = {isa = PBXFileReference; fileEncoding = 4; lastKnownFileType = text.script.python; path = example.py; sourceTree = "<group>"; };
		2389C22017549C93004F1F7F /* geometry.py */ = {isa = PBXFileReference; fileEncoding = 4; lastKnownFileType = text.script.python; path = geometry.py; sourceTree = "<group>"; };
		2389C22217549C93004F1F7F /* lights.py */ = {isa = PBXFileReference; fileEncoding = 4; lastKnownFileType = text.script.python; path = lights.py; sourceTree = "<group>"; };
		2389C22417549C93004F1F7F /* MtoAur.py */ = {isa = PBXFileReference; fileEncoding = 4; lastKnownFileType = text.script.python; path = MtoAur.py; sourceTree = "<group>"; };
		2389C22617549C93004F1F7F /* shaders.py */ = {isa = PBXFileReference; fileEncoding = 4; lastKnownFileType = text.script.python; path = shaders.py; sourceTree = "<group>"; };
		2389C22817549C93004F1F7F /* UI.py */ = {isa = PBXFileReference; fileEncoding = 4; lastKnownFileType = text.script.python; path = UI.py; sourceTree = "<group>"; };
		23B1685C17589E7D00E81FBD /* halton_enum.h */ = {isa = PBXFileReference; fileEncoding = 4; lastKnownFileType = sourcecode.c.h; path = halton_enum.h; sourceTree = "<group>"; };
		23B1685D17589E7D00E81FBD /* halton_gen.py */ = {isa = PBXFileReference; fileEncoding = 4; lastKnownFileType = text.script.python; path = halton_gen.py; sourceTree = "<group>"; };
		23B1685E17589E7D00E81FBD /* halton_sampler.h */ = {isa = PBXFileReference; fileEncoding = 4; lastKnownFileType = sourcecode.c.h; path = halton_sampler.h; sourceTree = "<group>"; };
		23B5885017A1AFD6000EFAA0 /* material.cpp */ = {isa = PBXFileReference; fileEncoding = 4; lastKnownFileType = sourcecode.cpp.cpp; name = material.cpp; path = materials/material.cpp; sourceTree = "<group>"; };
		23C2ED32176D74A900FC65E3 /* triplanarTextureShader.h */ = {isa = PBXFileReference; fileEncoding = 4; lastKnownFileType = sourcecode.c.h; path = triplanarTextureShader.h; sourceTree = "<group>"; };
		23E7C15417BC2BCA006874AB /* RenderViewController.h */ = {isa = PBXFileReference; fileEncoding = 4; lastKnownFileType = sourcecode.c.h; path = RenderViewController.h; sourceTree = "<group>"; };
		23E7C15517BC2BCA006874AB /* RenderViewController.m */ = {isa = PBXFileReference; fileEncoding = 4; lastKnownFileType = sourcecode.c.objc; path = RenderViewController.m; sourceTree = "<group>"; };
/* End PBXFileReference section */

/* Begin PBXFrameworksBuildPhase section */
		2386EC4A17BC21250013F27A /* Frameworks */ = {
			isa = PBXFrameworksBuildPhase;
			buildActionMask = 2147483647;
			files = (
				2386EC5017BC21250013F27A /* Cocoa.framework in Frameworks */,
			);
			runOnlyForDeploymentPostprocessing = 0;
		};
		2389C0E317549C5D004F1F7F /* Frameworks */ = {
			isa = PBXFrameworksBuildPhase;
			buildActionMask = 2147483647;
			files = (
				2386EC4817BC108A0013F27A /* libz.dylib in Frameworks */,
			);
			runOnlyForDeploymentPostprocessing = 0;
		};
/* End PBXFrameworksBuildPhase section */

/* Begin PBXGroup section */
		235A8F781759CF6F00372E43 /* shading */ = {
			isa = PBXGroup;
			children = (
				235A8F791759CF6F00372E43 /* brdf.h */,
				235A8F7A1759CF6F00372E43 /* bxdfs */,
				235A8F861759CF6F00372E43 /* material.h */,
				23B5885017A1AFD6000EFAA0 /* material.cpp */,
				235A8F871759CF6F00372E43 /* materials */,
				235A8F951759CF6F00372E43 /* shader.h */,
				235A8F961759CF6F00372E43 /* shaderAttribute.cpp */,
				235A8F971759CF6F00372E43 /* shaderAttribute.h */,
				235A8F9A1759CF6F00372E43 /* shaders */,
				235A8F9F1759CF6F00372E43 /* shaders.h */,
				235A8FA01759CF6F00372E43 /* shadingEngine.cpp */,
				235A8FA11759CF6F00372E43 /* shadingEngine.h */,
			);
			path = shading;
			sourceTree = "<group>";
		};
		235A8F7A1759CF6F00372E43 /* bxdfs */ = {
			isa = PBXGroup;
			children = (
				235A8F7B1759CF6F00372E43 /* brdfs.h */,
				235A8F7C1759CF6F00372E43 /* constant.cpp */,
				235A8F7D1759CF6F00372E43 /* constant.h */,
				235A8F7E1759CF6F00372E43 /* cookTorrance.cpp */,
				235A8F7F1759CF6F00372E43 /* cookTorrance.h */,
				235A8F801759CF6F00372E43 /* lambert.cpp */,
				235A8F811759CF6F00372E43 /* lambert.h */,
				235A8F821759CF6F00372E43 /* specMirror.cpp */,
				235A8F831759CF6F00372E43 /* specMirror.h */,
				235A8F841759CF6F00372E43 /* specTransmit.cpp */,
				235A8F851759CF6F00372E43 /* specTransmit.h */,
			);
			path = bxdfs;
			sourceTree = "<group>";
		};
		235A8F871759CF6F00372E43 /* materials */ = {
			isa = PBXGroup;
			children = (
				235A8F881759CF6F00372E43 /* carMaterial.cpp */,
				235A8F891759CF6F00372E43 /* carMaterial.h */,
				235A8F8A1759CF6F00372E43 /* constantMaterial.cpp */,
				235A8F8B1759CF6F00372E43 /* constantMaterial.h */,
				235A8F8C1759CF6F00372E43 /* glassMaterial.cpp */,
				235A8F8D1759CF6F00372E43 /* glassMaterial.h */,
				235A8F8E1759CF6F00372E43 /* kelemenMaterial.cpp */,
				235A8F8F1759CF6F00372E43 /* kelemenMaterial.h */,
				235A8F901759CF6F00372E43 /* materials.h */,
				235A8F911759CF6F00372E43 /* matteMaterial.cpp */,
				235A8F921759CF6F00372E43 /* matteMaterial.h */,
				235A8F931759CF6F00372E43 /* transmitMaterial.cpp */,
				235A8F941759CF6F00372E43 /* transmitMaterial.h */,
				2312E0CD1761C78A008954D8 /* metalMaterial.cpp */,
				2312E0CE1761C78A008954D8 /* metalMaterial.h */,
			);
			path = materials;
			sourceTree = "<group>";
		};
		235A8F9A1759CF6F00372E43 /* shaders */ = {
			isa = PBXGroup;
			children = (
				235A8F9B1759CF6F00372E43 /* constantShader.h */,
				235A8F9C1759CF6F00372E43 /* noise3D.cpp */,
				235A8F9D1759CF6F00372E43 /* noise3D.h */,
				235A8F9E1759CF6F00372E43 /* texture2DShader.h */,
				23C2ED32176D74A900FC65E3 /* triplanarTextureShader.h */,
			);
			path = shaders;
			sourceTree = "<group>";
		};
		2386EC4E17BC21250013F27A /* Frameworks */ = {
			isa = PBXGroup;
			children = (
				2386EC4F17BC21250013F27A /* Cocoa.framework */,
				2386EC5117BC21250013F27A /* Other Frameworks */,
			);
			name = Frameworks;
			sourceTree = "<group>";
		};
		2386EC5117BC21250013F27A /* Other Frameworks */ = {
			isa = PBXGroup;
			children = (
				2386EC4717BC108A0013F27A /* libz.dylib */,
				2386EC5217BC21250013F27A /* AppKit.framework */,
				2386EC5317BC21250013F27A /* CoreData.framework */,
				2386EC5417BC21250013F27A /* Foundation.framework */,
			);
			name = "Other Frameworks";
			sourceTree = "<group>";
		};
		2386EC5517BC21250013F27A /* AuroraUI */ = {
			isa = PBXGroup;
			children = (
				2386EC6117BC21260013F27A /* AppDelegate.h */,
				2386EC6217BC21260013F27A /* AppDelegate.m */,
				23E7C15417BC2BCA006874AB /* RenderViewController.h */,
				23E7C15517BC2BCA006874AB /* RenderViewController.m */,
				2386EC6417BC21260013F27A /* MainMenu.xib */,
				2386EC5617BC21250013F27A /* Supporting Files */,
			);
			path = AuroraUI;
			sourceTree = "<group>";
		};
		2386EC5617BC21250013F27A /* Supporting Files */ = {
			isa = PBXGroup;
			children = (
				2386EC5717BC21260013F27A /* AuroraUI-Info.plist */,
				2386EC5817BC21260013F27A /* InfoPlist.strings */,
				2386EC5B17BC21260013F27A /* main.m */,
				2386EC5D17BC21260013F27A /* AuroraUI-Prefix.pch */,
				2386EC5E17BC21260013F27A /* Credits.rtf */,
			);
			name = "Supporting Files";
			sourceTree = "<group>";
		};
		2389C0DD17549C5D004F1F7F = {
			isa = PBXGroup;
			children = (
				2389C0F217549C93004F1F7F /* Aurora */,
				2389C21C17549C93004F1F7F /* PyAurora */,
				2386EC5517BC21250013F27A /* AuroraUI */,
				2386EC4E17BC21250013F27A /* Frameworks */,
				2389C0E717549C5D004F1F7F /* Products */,
			);
			sourceTree = "<group>";
		};
		2389C0E717549C5D004F1F7F /* Products */ = {
			isa = PBXGroup;
			children = (
				2389C0E617549C5D004F1F7F /* Aurora */,
				2386EC4D17BC21250013F27A /* AuroraUI.app */,
			);
			name = Products;
			sourceTree = "<group>";
		};
		2389C0F217549C93004F1F7F /* Aurora */ = {
			isa = PBXGroup;
			children = (
				235A8FB11759D01700372E43 /* constants.h */,
				2389C0F317549C93004F1F7F /* Aurora.1 */,
				2389C0F417549C93004F1F7F /* config.json */,
				2389C0F517549C93004F1F7F /* external */,
				2389C19117549C93004F1F7F /* main.cpp */,
				2389C19217549C93004F1F7F /* src */,
			);
			path = Aurora;
			sourceTree = "<group>";
		};
		2389C0F517549C93004F1F7F /* external */ = {
			isa = PBXGroup;
			children = (
				23B1685B17589E7D00E81FBD /* halton */,
				2389C0F617549C93004F1F7F /* catch */,
			);
			path = external;
			sourceTree = "<group>";
		};
		2389C0F617549C93004F1F7F /* catch */ = {
			isa = PBXGroup;
			children = (
				2389C0F717549C93004F1F7F /* catch.hpp */,
			);
			path = catch;
			sourceTree = "<group>";
		};
		2389C19217549C93004F1F7F /* src */ = {
			isa = PBXGroup;
			children = (
				235A8F781759CF6F00372E43 /* shading */,
				2389C19317549C93004F1F7F /* attributes */,
				2389C19817549C93004F1F7F /* core */,
				2389C1B917549C93004F1F7F /* frontend */,
				2389C1C717549C93004F1F7F /* geometry */,
				2389C1E317549C93004F1F7F /* lights */,
				2389C21617549C93004F1F7F /* translator */,
			);
			path = src;
			sourceTree = "<group>";
		};
		2389C19317549C93004F1F7F /* attributes */ = {
			isa = PBXGroup;
			children = (
				2389C19417549C93004F1F7F /* attributeState.h */,
				2389C19517549C93004F1F7F /* intersection.h */,
				2389C19617549C93004F1F7F /* options.h */,
				2389C19717549C93004F1F7F /* shadingGeometry.h */,
			);
			path = attributes;
			sourceTree = "<group>";
		};
		2389C19817549C93004F1F7F /* core */ = {
			isa = PBXGroup;
			children = (
				2389C19917549C93004F1F7F /* bbox.cpp */,
				2389C19A17549C93004F1F7F /* bbox.h */,
				2389C19B17549C93004F1F7F /* color.cpp */,
				2389C19C17549C93004F1F7F /* color.h */,
				2389C19D17549C93004F1F7F /* core.h */,
				2389C19E17549C93004F1F7F /* log.h */,
				2389C19F17549C93004F1F7F /* math_utils.h */,
				2389C1A017549C93004F1F7F /* matrix4x4.cpp */,
				2389C1A117549C93004F1F7F /* matrix4x4.h */,
				2389C1A317549C93004F1F7F /* pixelRegion.cpp */,
				2389C1A417549C93004F1F7F /* pixelRegion.h */,
				2389C1A517549C93004F1F7F /* point.cpp */,
				2389C1A617549C93004F1F7F /* point.h */,
				2389C1A717549C93004F1F7F /* ray.cpp */,
				2389C1A817549C93004F1F7F /* ray.h */,
				2389C1AB17549C93004F1F7F /* sample2D.cpp */,
				2389C1AC17549C93004F1F7F /* sample2D.h */,
				2389C1AD17549C93004F1F7F /* sample3D.cpp */,
				2389C1AE17549C93004F1F7F /* sample3D.h */,
				2389C1AF17549C93004F1F7F /* sampler2D.cpp */,
				2389C1B017549C93004F1F7F /* sampler2D.h */,
				2389C1B117549C93004F1F7F /* sampler3D.cpp */,
				2389C1B217549C93004F1F7F /* sampler3D.h */,
				2389C1B317549C93004F1F7F /* stringUtils.h */,
				2389C1B417549C93004F1F7F /* transform.cpp */,
				2389C1B517549C93004F1F7F /* transform.h */,
				2389C1B617549C93004F1F7F /* uv.h */,
				2389C1B717549C93004F1F7F /* vector.cpp */,
				2389C1B817549C93004F1F7F /* vector.h */,
			);
			path = core;
			sourceTree = "<group>";
		};
		2389C1B917549C93004F1F7F /* frontend */ = {
			isa = PBXGroup;
			children = (
				235A8FB21759D0BE00372E43 /* texture2D.cpp */,
				235A8FB31759D0BE00372E43 /* texture2D.h */,
				2389C1BA17549C93004F1F7F /* auroraObject.cpp */,
				2389C1BB17549C93004F1F7F /* auroraObject.h */,
				2389C1BC17549C93004F1F7F /* camera.cpp */,
				2389C1BD17549C93004F1F7F /* camera.h */,
				2389C1C017549C93004F1F7F /* frontEndObject.h */,
				2389C1C117549C93004F1F7F /* openexrDisplay.cpp */,
				2389C1C217549C93004F1F7F /* openexrDisplay.h */,
				2389C1C417549C93004F1F7F /* renderEnvironment.h */,
				2389C1C517549C93004F1F7F /* renderer.cpp */,
				2389C1C617549C93004F1F7F /* renderer.h */,
			);
			path = frontend;
			sourceTree = "<group>";
		};
		2389C1C717549C93004F1F7F /* geometry */ = {
			isa = PBXGroup;
			children = (
				2389C1CB17549C93004F1F7F /* embreeAccelerator.cpp */,
				2389C1CC17549C93004F1F7F /* embreeAccelerator.h */,
				236D6811175F18D300802617 /* accelerationStructure.h */,
				2389C1CD17549C93004F1F7F /* embreeMesh.h */,
				2389C1CE17549C93004F1F7F /* geometry.h */,
				2389C1CF17549C93004F1F7F /* infiniteAreaLight.cpp */,
				2389C1D017549C93004F1F7F /* infiniteAreaLight.h */,
				2389C1D317549C93004F1F7F /* objParser.cpp */,
				2389C1D417549C93004F1F7F /* objParser.h */,
				2389C1D517549C93004F1F7F /* objTriangleMesh.cpp */,
				2389C1D617549C93004F1F7F /* objTriangleMesh.h */,
				2389C1D717549C93004F1F7F /* renderableGeometry.h */,
				2389C1D817549C93004F1F7F /* renderableTriangle.cpp */,
				2389C1D917549C93004F1F7F /* renderableTriangle.h */,
				2389C1DA17549C93004F1F7F /* shape.h */,
				2389C1DB17549C93004F1F7F /* shapes.h */,
				23110BA4175B1B14005D1911 /* loopSubdivMesh.cpp */,
				23110BA5175B1B14005D1911 /* loopSubdivMesh.h */,
				2389C1DC17549C93004F1F7F /* triangleGeo.cpp */,
				2389C1DD17549C93004F1F7F /* TriangleGeo.h */,
				2389C1DE17549C93004F1F7F /* triangleMesh.cpp */,
				2389C1DF17549C93004F1F7F /* triangleMesh.h */,
			);
			path = geometry;
			sourceTree = "<group>";
		};
		2389C1E317549C93004F1F7F /* lights */ = {
			isa = PBXGroup;
			children = (
				2389C1E417549C93004F1F7F /* light.cpp */,
				2389C1E517549C93004F1F7F /* light.h */,
				2389C1E617549C93004F1F7F /* lights.h */,
				2389C1E717549C93004F1F7F /* squareLight.cpp */,
				2389C1E817549C93004F1F7F /* squareLight.h */,
			);
			path = lights;
			sourceTree = "<group>";
		};
		2389C21617549C93004F1F7F /* translator */ = {
			isa = PBXGroup;
			children = (
				2389C21717549C93004F1F7F /* jsonParser.cpp */,
				2389C21817549C93004F1F7F /* jsonParser.h */,
			);
			path = translator;
			sourceTree = "<group>";
		};
		2389C21C17549C93004F1F7F /* PyAurora */ = {
			isa = PBXGroup;
			children = (
				2389C21D17549C93004F1F7F /* core.py */,
				2389C21F17549C93004F1F7F /* example.py */,
				2389C22017549C93004F1F7F /* geometry.py */,
				2389C22217549C93004F1F7F /* lights.py */,
				2389C22417549C93004F1F7F /* MtoAur.py */,
				2389C22617549C93004F1F7F /* shaders.py */,
				2389C22817549C93004F1F7F /* UI.py */,
			);
			path = PyAurora;
			sourceTree = "<group>";
		};
		23B1685B17589E7D00E81FBD /* halton */ = {
			isa = PBXGroup;
			children = (
				23B1685C17589E7D00E81FBD /* halton_enum.h */,
				23B1685D17589E7D00E81FBD /* halton_gen.py */,
				23B1685E17589E7D00E81FBD /* halton_sampler.h */,
			);
			path = halton;
			sourceTree = "<group>";
		};
/* End PBXGroup section */

/* Begin PBXNativeTarget section */
		2386EC4C17BC21250013F27A /* AuroraUI */ = {
			isa = PBXNativeTarget;
			buildConfigurationList = 2386EC6917BC21260013F27A /* Build configuration list for PBXNativeTarget "AuroraUI" */;
			buildPhases = (
				2386EC4917BC21250013F27A /* Sources */,
				2386EC4A17BC21250013F27A /* Frameworks */,
				2386EC4B17BC21250013F27A /* Resources */,
			);
			buildRules = (
			);
			dependencies = (
			);
			name = AuroraUI;
			productName = AuroraUI;
			productReference = 2386EC4D17BC21250013F27A /* AuroraUI.app */;
			productType = "com.apple.product-type.application";
		};
		2389C0E517549C5D004F1F7F /* Aurora */ = {
			isa = PBXNativeTarget;
			buildConfigurationList = 2389C0EF17549C5D004F1F7F /* Build configuration list for PBXNativeTarget "Aurora" */;
			buildPhases = (
				2389C0E217549C5D004F1F7F /* Sources */,
				2389C0E317549C5D004F1F7F /* Frameworks */,
				2389C0E417549C5D004F1F7F /* CopyFiles */,
			);
			buildRules = (
			);
			dependencies = (
			);
			name = Aurora;
			productName = Aurora;
			productReference = 2389C0E617549C5D004F1F7F /* Aurora */;
			productType = "com.apple.product-type.tool";
		};
/* End PBXNativeTarget section */

/* Begin PBXProject section */
		2389C0DE17549C5D004F1F7F /* Project object */ = {
			isa = PBXProject;
			attributes = {
				LastUpgradeCheck = 0500;
				ORGANIZATIONNAME = "Espen Nordahl";
			};
			buildConfigurationList = 2389C0E117549C5D004F1F7F /* Build configuration list for PBXProject "Aurora" */;
			compatibilityVersion = "Xcode 3.2";
			developmentRegion = English;
			hasScannedForEncodings = 0;
			knownRegions = (
				en,
			);
			mainGroup = 2389C0DD17549C5D004F1F7F;
			productRefGroup = 2389C0E717549C5D004F1F7F /* Products */;
			projectDirPath = "";
			projectRoot = "";
			targets = (
				2389C0E517549C5D004F1F7F /* Aurora */,
				2386EC4C17BC21250013F27A /* AuroraUI */,
			);
		};
/* End PBXProject section */

/* Begin PBXResourcesBuildPhase section */
		2386EC4B17BC21250013F27A /* Resources */ = {
			isa = PBXResourcesBuildPhase;
			buildActionMask = 2147483647;
			files = (
				2386EC5A17BC21260013F27A /* InfoPlist.strings in Resources */,
				2386EC6017BC21260013F27A /* Credits.rtf in Resources */,
				2386EC6617BC21260013F27A /* MainMenu.xib in Resources */,
			);
			runOnlyForDeploymentPostprocessing = 0;
		};
/* End PBXResourcesBuildPhase section */

/* Begin PBXSourcesBuildPhase section */
		2386EC4917BC21250013F27A /* Sources */ = {
			isa = PBXSourcesBuildPhase;
			buildActionMask = 2147483647;
			files = (
				2386EC5C17BC21260013F27A /* main.m in Sources */,
				2386EC6317BC21260013F27A /* AppDelegate.m in Sources */,
				23E7C15617BC2BCA006874AB /* RenderViewController.m in Sources */,
			);
			runOnlyForDeploymentPostprocessing = 0;
		};
		2389C0E217549C5D004F1F7F /* Sources */ = {
			isa = PBXSourcesBuildPhase;
			buildActionMask = 2147483647;
			files = (
				2389C24517549C93004F1F7F /* main.cpp in Sources */,
				2389C24617549C93004F1F7F /* bbox.cpp in Sources */,
				2389C24717549C93004F1F7F /* color.cpp in Sources */,
				2389C24817549C93004F1F7F /* matrix4x4.cpp in Sources */,
				2389C24917549C93004F1F7F /* pixelRegion.cpp in Sources */,
				2389C24A17549C93004F1F7F /* point.cpp in Sources */,
				2389C24B17549C93004F1F7F /* ray.cpp in Sources */,
				2389C24C17549C93004F1F7F /* sample2D.cpp in Sources */,
				2389C24D17549C93004F1F7F /* sample3D.cpp in Sources */,
				2389C24E17549C93004F1F7F /* sampler2D.cpp in Sources */,
				2389C24F17549C93004F1F7F /* sampler3D.cpp in Sources */,
				2389C25017549C93004F1F7F /* transform.cpp in Sources */,
				2389C25117549C93004F1F7F /* vector.cpp in Sources */,
				2389C25217549C93004F1F7F /* auroraObject.cpp in Sources */,
				2389C25317549C93004F1F7F /* camera.cpp in Sources */,
				2389C25517549C93004F1F7F /* openexrDisplay.cpp in Sources */,
				2389C25717549C93004F1F7F /* renderer.cpp in Sources */,
				2389C25917549C93004F1F7F /* embreeAccelerator.cpp in Sources */,
				2389C25A17549C93004F1F7F /* infiniteAreaLight.cpp in Sources */,
				2389C25C17549C93004F1F7F /* objParser.cpp in Sources */,
				2389C25D17549C93004F1F7F /* objTriangleMesh.cpp in Sources */,
				2389C25E17549C93004F1F7F /* renderableTriangle.cpp in Sources */,
				2389C25F17549C93004F1F7F /* triangleGeo.cpp in Sources */,
				2389C26017549C93004F1F7F /* triangleMesh.cpp in Sources */,
				2389C26217549C93004F1F7F /* light.cpp in Sources */,
				2389C26317549C93004F1F7F /* squareLight.cpp in Sources */,
				2389C27517549C93004F1F7F /* jsonParser.cpp in Sources */,
				235A8FA21759CF6F00372E43 /* constant.cpp in Sources */,
				235A8FA31759CF6F00372E43 /* cookTorrance.cpp in Sources */,
				235A8FA41759CF6F00372E43 /* lambert.cpp in Sources */,
				235A8FA51759CF6F00372E43 /* specMirror.cpp in Sources */,
				235A8FA61759CF6F00372E43 /* specTransmit.cpp in Sources */,
				235A8FA71759CF6F00372E43 /* carMaterial.cpp in Sources */,
				235A8FA81759CF6F00372E43 /* constantMaterial.cpp in Sources */,
				235A8FA91759CF6F00372E43 /* glassMaterial.cpp in Sources */,
				235A8FAA1759CF6F00372E43 /* kelemenMaterial.cpp in Sources */,
				235A8FAB1759CF6F00372E43 /* matteMaterial.cpp in Sources */,
				235A8FAC1759CF6F00372E43 /* transmitMaterial.cpp in Sources */,
				235A8FAD1759CF6F00372E43 /* shaderAttribute.cpp in Sources */,
				235A8FAF1759CF6F00372E43 /* noise3D.cpp in Sources */,
				235A8FB01759CF6F00372E43 /* shadingEngine.cpp in Sources */,
				235A8FB41759D0BE00372E43 /* texture2D.cpp in Sources */,
				23110BA6175B1B14005D1911 /* loopSubdivMesh.cpp in Sources */,
				2312E0CF1761C78A008954D8 /* metalMaterial.cpp in Sources */,
				23B5885117A1AFD6000EFAA0 /* material.cpp in Sources */,
			);
			runOnlyForDeploymentPostprocessing = 0;
		};
/* End PBXSourcesBuildPhase section */

/* Begin PBXVariantGroup section */
		2386EC5817BC21260013F27A /* InfoPlist.strings */ = {
			isa = PBXVariantGroup;
			children = (
				2386EC5917BC21260013F27A /* en */,
			);
			name = InfoPlist.strings;
			sourceTree = "<group>";
		};
		2386EC5E17BC21260013F27A /* Credits.rtf */ = {
			isa = PBXVariantGroup;
			children = (
				2386EC5F17BC21260013F27A /* en */,
			);
			name = Credits.rtf;
			sourceTree = "<group>";
		};
		2386EC6417BC21260013F27A /* MainMenu.xib */ = {
			isa = PBXVariantGroup;
			children = (
				2386EC6517BC21260013F27A /* en */,
			);
			name = MainMenu.xib;
			sourceTree = "<group>";
		};
/* End PBXVariantGroup section */

/* Begin XCBuildConfiguration section */
		2386EC6717BC21260013F27A /* Debug */ = {
			isa = XCBuildConfiguration;
			buildSettings = {
				CLANG_CXX_LANGUAGE_STANDARD = "gnu++0x";
				CLANG_CXX_LIBRARY = "libc++";
				COMBINE_HIDPI_IMAGES = YES;
				GCC_C_LANGUAGE_STANDARD = gnu99;
				GCC_PRECOMPILE_PREFIX_HEADER = YES;
				GCC_PREFIX_HEADER = "AuroraUI/AuroraUI-Prefix.pch";
				INFOPLIST_FILE = "AuroraUI/AuroraUI-Info.plist";
				MACOSX_DEPLOYMENT_TARGET = 10.8;
				PRODUCT_NAME = "$(TARGET_NAME)";
				WRAPPER_EXTENSION = app;
			};
			name = Debug;
		};
		2386EC6817BC21260013F27A /* Release */ = {
			isa = XCBuildConfiguration;
			buildSettings = {
				CLANG_CXX_LANGUAGE_STANDARD = "gnu++0x";
				CLANG_CXX_LIBRARY = "libc++";
				COMBINE_HIDPI_IMAGES = YES;
				GCC_C_LANGUAGE_STANDARD = gnu99;
				GCC_PRECOMPILE_PREFIX_HEADER = YES;
				GCC_PREFIX_HEADER = "AuroraUI/AuroraUI-Prefix.pch";
				INFOPLIST_FILE = "AuroraUI/AuroraUI-Info.plist";
				MACOSX_DEPLOYMENT_TARGET = 10.8;
				PRODUCT_NAME = "$(TARGET_NAME)";
				WRAPPER_EXTENSION = app;
			};
			name = Release;
		};
		2389C0ED17549C5D004F1F7F /* Debug */ = {
			isa = XCBuildConfiguration;
			buildSettings = {
				ALWAYS_SEARCH_USER_PATHS = NO;
				CLANG_CXX_LANGUAGE_STANDARD = "gnu++0x";
				CLANG_CXX_LIBRARY = "libc++";
				CLANG_ENABLE_MODULES = YES;
				CLANG_ENABLE_OBJC_ARC = YES;
				CLANG_WARN_BOOL_CONVERSION = YES;
				CLANG_WARN_CONSTANT_CONVERSION = YES;
				CLANG_WARN_EMPTY_BODY = YES;
				CLANG_WARN_ENUM_CONVERSION = YES;
				CLANG_WARN_INT_CONVERSION = YES;
				CLANG_WARN__DUPLICATE_METHOD_MATCH = YES;
				COPY_PHASE_STRIP = NO;
				GCC_CW_ASM_SYNTAX = YES;
				GCC_C_LANGUAGE_STANDARD = gnu99;
				GCC_DYNAMIC_NO_PIC = NO;
				GCC_ENABLE_OBJC_EXCEPTIONS = YES;
				GCC_INLINES_ARE_PRIVATE_EXTERN = YES;
				GCC_OPTIMIZATION_LEVEL = 0;
				GCC_PREPROCESSOR_DEFINITIONS = (
					"DEBUG=1",
					"$(inherited)",
				);
				GCC_SHORT_ENUMS = NO;
				GCC_SYMBOLS_PRIVATE_EXTERN = NO;
				GCC_USE_STANDARD_INCLUDE_SEARCHING = YES;
				GCC_VERSION = "";
				GCC_WARN_64_TO_32_BIT_CONVERSION = YES;
				GCC_WARN_ABOUT_RETURN_TYPE = YES;
				GCC_WARN_UNDECLARED_SELECTOR = YES;
				GCC_WARN_UNINITIALIZED_AUTOS = YES;
				GCC_WARN_UNUSED_FUNCTION = YES;
				GCC_WARN_UNUSED_VARIABLE = YES;
				HEADER_SEARCH_PATHS = (
					/usr/local/Cellar/szip/2.1/include,
					/usr/local/Cellar/openexr/1.7.0/include/OpenEXR/,
					"/base/sw/jsoncpp-src-0.5.0/include/json/",
					/base/sw/embree/rtcore/common/sys,
					/base/sw/embree/rtcore/common/,
					/base/sw/embree/common/sys/base/sw/embree/common,
					/base/sw/embree/common/,
					/usr/local/Cellar/ilmbase/1.0.2/include/OpenEXR/,
				);
				LD_GENERATE_MAP_FILE = NO;
				LINK_WITH_STANDARD_LIBRARIES = YES;
				MACOSX_DEPLOYMENT_TARGET = 10.9;
				ONLY_ACTIVE_ARCH = YES;
				OTHER_LDFLAGS = (
					"/base/sw/jsoncpp-src-0.5.0/libs/linux-gcc-4.2.1/libjson_linux-gcc-4.2.1_libmt.a",
					/usr/local/Cellar/szip/2.1/lib/libsz.a,
					/usr/local/Cellar/ilmbase/1.0.2/lib/libHalf.a,
					/usr/local/Cellar/ilmbase/1.0.2/lib/libIex.a,
					/usr/local/Cellar/ilmbase/1.0.2/lib/libIlmThread.a,
					/usr/local/Cellar/ilmbase/1.0.2/lib/libImath.a,
					/usr/local/Cellar/openexr/1.7.0/lib/libIlmImf.a,
					/base/sw/embree/build/libimage.a,
					/base/sw/embree/build/liblexers.a,
					/base/sw/embree/build/libloaders.a,
					/base/sw/embree/build/librenderer.a,
					/base/sw/embree/build/librtcore.a,
					/base/sw/embree/build/libsys.a,
					"-L/base/sw/intel/tbb41_20130314oss/lib/",
					"-ltbb",
				);
				PRODUCT_NAME = Aurora;
				SDKROOT = macosx;
			};
			name = Debug;
		};
		2389C0EE17549C5D004F1F7F /* Release */ = {
			isa = XCBuildConfiguration;
			buildSettings = {
				ALWAYS_SEARCH_USER_PATHS = NO;
				CLANG_CXX_LANGUAGE_STANDARD = "gnu++0x";
				CLANG_CXX_LIBRARY = "libc++";
				CLANG_ENABLE_MODULES = YES;
				CLANG_ENABLE_OBJC_ARC = YES;
				CLANG_WARN_BOOL_CONVERSION = YES;
				CLANG_WARN_CONSTANT_CONVERSION = YES;
				CLANG_WARN_EMPTY_BODY = YES;
				CLANG_WARN_ENUM_CONVERSION = YES;
				CLANG_WARN_INT_CONVERSION = YES;
				CLANG_WARN__DUPLICATE_METHOD_MATCH = YES;
				COPY_PHASE_STRIP = YES;
				DEBUG_INFORMATION_FORMAT = "dwarf-with-dsym";
				GCC_CW_ASM_SYNTAX = YES;
				GCC_C_LANGUAGE_STANDARD = gnu99;
				GCC_ENABLE_OBJC_EXCEPTIONS = YES;
				GCC_INLINES_ARE_PRIVATE_EXTERN = YES;
				GCC_OPTIMIZATION_LEVEL = s;
				GCC_SHORT_ENUMS = NO;
				GCC_USE_STANDARD_INCLUDE_SEARCHING = YES;
				GCC_VERSION = "";
				GCC_WARN_64_TO_32_BIT_CONVERSION = YES;
				GCC_WARN_ABOUT_RETURN_TYPE = YES;
				GCC_WARN_UNDECLARED_SELECTOR = YES;
				GCC_WARN_UNINITIALIZED_AUTOS = YES;
				GCC_WARN_UNUSED_FUNCTION = YES;
				GCC_WARN_UNUSED_VARIABLE = YES;
				HEADER_SEARCH_PATHS = (
					/usr/local/Cellar/szip/2.1/include,
					/usr/local/Cellar/openexr/1.7.0/include/OpenEXR/,
					"/base/sw/jsoncpp-src-0.5.0/include/json/",
					/base/sw/embree/rtcore/common/sys/,
					/base/sw/embree/rtcore/common/,
					/base/sw/embree/common/sys/base/sw/embree/common/,
					/base/sw/embree/common/,
					/usr/local/Cellar/ilmbase/1.0.2/include/OpenEXR/,
				);
				LD_GENERATE_MAP_FILE = NO;
				LINK_WITH_STANDARD_LIBRARIES = YES;
				MACOSX_DEPLOYMENT_TARGET = 10.9;
				ONLY_ACTIVE_ARCH = YES;
				OTHER_LDFLAGS = (
					"/base/sw/jsoncpp-src-0.5.0/libs/linux-gcc-4.2.1/libjson_linux-gcc-4.2.1_libmt.a",
					/usr/local/Cellar/szip/2.1/lib/libsz.a,
					/usr/local/Cellar/ilmbase/1.0.2/lib/libHalf.a,
					/usr/local/Cellar/ilmbase/1.0.2/lib/libIex.a,
					/usr/local/Cellar/ilmbase/1.0.2/lib/libIlmThread.a,
					/usr/local/Cellar/ilmbase/1.0.2/lib/libImath.a,
					/usr/local/Cellar/openexr/1.7.0/lib/libIlmImf.a,
					/base/sw/embree/build/libimage.a,
					/base/sw/embree/build/liblexers.a,
					/base/sw/embree/build/libloaders.a,
					/base/sw/embree/build/librenderer.a,
					/base/sw/embree/build/librtcore.a,
					/base/sw/embree/build/libsys.a,
					"-L/base/sw/intel/tbb41_20130314oss/lib/",
					"-ltbb",
				);
				PRODUCT_NAME = Aurora;
				SDKROOT = macosx;
			};
			name = Release;
		};
		2389C0F017549C5D004F1F7F /* Debug */ = {
			isa = XCBuildConfiguration;
			buildSettings = {
				ARCHS = "$(ARCHS_STANDARD)";
				CLANG_CXX_LANGUAGE_STANDARD = "gnu++98";
				CLANG_CXX_LIBRARY = "libstdc++";
				CLANG_X86_VECTOR_INSTRUCTIONS = default;
				CURRENT_PROJECT_VERSION = 0.2;
				GCC_DYNAMIC_NO_PIC = NO;
				GCC_ENABLE_KERNEL_DEVELOPMENT = NO;
				GCC_FAST_MATH = NO;
				GCC_GENERATE_DEBUGGING_SYMBOLS = YES;
				GCC_GENERATE_TEST_COVERAGE_FILES = NO;
				GCC_INLINES_ARE_PRIVATE_EXTERN = YES;
				GCC_INSTRUMENT_PROGRAM_FLOW_ARCS = NO;
				GCC_NO_COMMON_BLOCKS = NO;
				GCC_STRICT_ALIASING = YES;
				GCC_THREADSAFE_STATICS = YES;
				GCC_UNROLL_LOOPS = NO;
				GCC_VERSION = "";
				HEADER_SEARCH_PATHS = (
					/usr/local/Cellar/szip/2.1/include,
					/usr/local/Cellar/openexr/1.7.0/include/OpenEXR/,
					"/base/sw/jsoncpp-src-0.5.0/include/json/",
					/base/sw/embree/rtcore/common/sys/,
					/base/sw/embree/rtcore/common/,
					"/base/sw/embree/common/sys\n/base/sw/embree/common/",
					/base/sw/embree/common/,
					/usr/local/Cellar/ilmbase/1.0.2/include/OpenEXR/,
					"/base/sw/intel/tbb41_20130314oss/include/**",
				);
				LIBRARY_SEARCH_PATHS = (
					"$(inherited)",
					/base/sw/intel/tbb41_20130314oss/lib/,
				);
				LINK_WITH_STANDARD_LIBRARIES = YES;
				LLVM_LTO = NO;
				OTHER_LDFLAGS = (
					"/base/sw/jsoncpp-src-0.5.0/libs/linux-gcc-4.2.1/libjson_linux-gcc-4.2.1_libmt.a",
					/usr/local/Cellar/szip/2.1/lib/libsz.a,
					/usr/local/Cellar/ilmbase/1.0.2/lib/libHalf.a,
					/usr/local/Cellar/ilmbase/1.0.2/lib/libIex.a,
					/usr/local/Cellar/ilmbase/1.0.2/lib/libIlmThread.a,
					/usr/local/Cellar/ilmbase/1.0.2/lib/libImath.a,
					/usr/local/Cellar/openexr/1.7.0/lib/libIlmImf.a,
					/base/sw/embree/build/libimage.a,
					/base/sw/embree/build/liblexers.a,
					/base/sw/embree/build/libloaders.a,
					/base/sw/embree/build/librenderer.a,
					/base/sw/embree/build/librtcore.a,
					/base/sw/embree/build/libsys.a,
					"-L/base/sw/intel/tbb41_20130314oss/lib/",
					"-ltbb",
				);
				PRODUCT_NAME = "$(TARGET_NAME)";
			};
			name = Debug;
		};
		2389C0F117549C5D004F1F7F /* Release */ = {
			isa = XCBuildConfiguration;
			buildSettings = {
				ARCHS = "$(ARCHS_STANDARD)";
				CLANG_CXX_LANGUAGE_STANDARD = "gnu++98";
				CLANG_CXX_LIBRARY = "libstdc++";
				CLANG_X86_VECTOR_INSTRUCTIONS = default;
				COPY_PHASE_STRIP = YES;
				CURRENT_PROJECT_VERSION = 0.2;
				DEBUG_INFORMATION_FORMAT = dwarf;
				GCC_DYNAMIC_NO_PIC = NO;
				GCC_ENABLE_KERNEL_DEVELOPMENT = NO;
				GCC_FAST_MATH = NO;
				GCC_GENERATE_DEBUGGING_SYMBOLS = YES;
				GCC_GENERATE_TEST_COVERAGE_FILES = NO;
				GCC_INLINES_ARE_PRIVATE_EXTERN = YES;
				GCC_INSTRUMENT_PROGRAM_FLOW_ARCS = NO;
				GCC_NO_COMMON_BLOCKS = NO;
				GCC_OPTIMIZATION_LEVEL = s;
				GCC_PREPROCESSOR_DEFINITIONS = NDEBUG;
				GCC_STRICT_ALIASING = YES;
				GCC_THREADSAFE_STATICS = YES;
				GCC_UNROLL_LOOPS = NO;
				GCC_VERSION = "";
				HEADER_SEARCH_PATHS = (
					/usr/local/Cellar/szip/2.1/include,
					/usr/local/Cellar/openexr/1.7.0/include/OpenEXR/,
					"/base/sw/jsoncpp-src-0.5.0/include/json/",
					/base/sw/embree/rtcore/common/sys/,
					/base/sw/embree/rtcore/common/,
					/base/sw/embree/common/sys/base/sw/embree/common/,
					/base/sw/embree/common/,
					/usr/local/Cellar/ilmbase/1.0.2/include/OpenEXR/,
					"/base/sw/intel/tbb41_20130314oss/include/**",
				);
				LIBRARY_SEARCH_PATHS = (
					"$(inherited)",
					/base/sw/intel/tbb41_20130314oss/lib/,
				);
				LINK_WITH_STANDARD_LIBRARIES = YES;
				LLVM_LTO = YES;
				OTHER_LDFLAGS = (
					"/base/sw/jsoncpp-src-0.5.0/libs/linux-gcc-4.2.1/libjson_linux-gcc-4.2.1_libmt.a",
					/usr/local/Cellar/szip/2.1/lib/libsz.a,
					/usr/local/Cellar/ilmbase/1.0.2/lib/libHalf.a,
					/usr/local/Cellar/ilmbase/1.0.2/lib/libIex.a,
					/usr/local/Cellar/ilmbase/1.0.2/lib/libIlmThread.a,
					/usr/local/Cellar/ilmbase/1.0.2/lib/libImath.a,
					/usr/local/Cellar/openexr/1.7.0/lib/libIlmImf.a,
					/base/sw/embree/build/libimage.a,
					/base/sw/embree/build/liblexers.a,
					/base/sw/embree/build/libloaders.a,
					/base/sw/embree/build/librenderer.a,
					/base/sw/embree/build/librtcore.a,
					/base/sw/embree/build/libsys.a,
					"-L/base/sw/intel/tbb41_20130314oss/lib/",
					"-ltbb",
				);
				PRODUCT_NAME = "$(TARGET_NAME)";
			};
			name = Release;
		};
/* End XCBuildConfiguration section */

/* Begin XCConfigurationList section */
		2386EC6917BC21260013F27A /* Build configuration list for PBXNativeTarget "AuroraUI" */ = {
			isa = XCConfigurationList;
			buildConfigurations = (
				2386EC6717BC21260013F27A /* Debug */,
				2386EC6817BC21260013F27A /* Release */,
			);
			defaultConfigurationIsVisible = 0;
			defaultConfigurationName = Release;
		};
		2389C0E117549C5D004F1F7F /* Build configuration list for PBXProject "Aurora" */ = {
			isa = XCConfigurationList;
			buildConfigurations = (
				2389C0ED17549C5D004F1F7F /* Debug */,
				2389C0EE17549C5D004F1F7F /* Release */,
			);
			defaultConfigurationIsVisible = 0;
			defaultConfigurationName = Release;
		};
		2389C0EF17549C5D004F1F7F /* Build configuration list for PBXNativeTarget "Aurora" */ = {
			isa = XCConfigurationList;
			buildConfigurations = (
				2389C0F017549C5D004F1F7F /* Debug */,
				2389C0F117549C5D004F1F7F /* Release */,
			);
			defaultConfigurationIsVisible = 0;
			defaultConfigurationName = Release;
		};
/* End XCConfigurationList section */
	};
	rootObject = 2389C0DE17549C5D004F1F7F /* Project object */;
}
